
Microsoft Visual Studio Solution File, Format Version 12.00
# Visual Studio Version 16
VisualStudioVersion = 16.0.30104.148
MinimumVisualStudioVersion = 10.0.40219.1
Project("{FAE04EC0-301F-11D3-BF4B-00C04F79EFBC}") = "ConsoleSocketTest", "ConsoleSocketTest\ConsoleSocketTest.csproj", "{109FBDCA-D2A5-4EBB-957B-A97B9D2FF1A3}"
EndProject
Project("{FAE04EC0-301F-11D3-BF4B-00C04F79EFBC}") = "ConsoleSocketClient", "ConsoleSocketClient\ConsoleSocketClient.csproj", "{28E65EE0-7ADA-4B19-81FC-3DB3B6EB649D}"
EndProject
Project("{FAE04EC0-301F-11D3-BF4B-00C04F79EFBC}") = "ConsoleGetHostNameIP", "ConsoleGetHostNameIP\ConsoleGetHostNameIP.csproj", "{D5F644A1-5BA2-4478-939B-05208F3BD417}"
EndProject
Global
	GlobalSection(SolutionConfigurationPlatforms) = preSolution
		Debug|Any CPU = Debug|Any CPU
		Release|Any CPU = Release|Any CPU
	EndGlobalSection
	GlobalSection(ProjectConfigurationPlatforms) = postSolution
		{109FBDCA-D2A5-4EBB-957B-A97B9D2FF1A3}.Debug|Any CPU.ActiveCfg = Debug|Any CPU
		{109FBDCA-D2A5-4EBB-957B-A97B9D2FF1A3}.Debug|Any CPU.Build.0 = Debug|Any CPU
		{109FBDCA-D2A5-4EBB-957B-A97B9D2FF1A3}.Release|Any CPU.ActiveCfg = Release|Any CPU
		{109FBDCA-D2A5-4EBB-957B-A97B9D2FF1A3}.Release|Any CPU.Build.0 = Release|Any CPU
		{28E65EE0-7ADA-4B19-81FC-3DB3B6EB649D}.Debug|Any CPU.ActiveCfg = Debug|Any CPU
		{28E65EE0-7ADA-4B19-81FC-3DB3B6EB649D}.Debug|Any CPU.Build.0 = Debug|Any CPU
		{28E65EE0-7ADA-4B19-81FC-3DB3B6EB649D}.Release|Any CPU.ActiveCfg = Release|Any CPU
		{28E65EE0-7ADA-4B19-81FC-3DB3B6EB649D}.Release|Any CPU.Build.0 = Release|Any CPU
		{D5F644A1-5BA2-4478-939B-05208F3BD417}.Debug|Any CPU.ActiveCfg = Debug|Any CPU
		{D5F644A1-5BA2-4478-939B-05208F3BD417}.Debug|Any CPU.Build.0 = Debug|Any CPU
		{D5F644A1-5BA2-4478-939B-05208F3BD417}.Release|Any CPU.ActiveCfg = Release|Any CPU
		{D5F644A1-5BA2-4478-939B-05208F3BD417}.Release|Any CPU.Build.0 = Release|Any CPU
	EndGlobalSection
	GlobalSection(SolutionProperties) = preSolution
		HideSolutionNode = FALSE
	EndGlobalSection
	GlobalSection(ExtensibilityGlobals) = postSolution
		SolutionGuid = {0D6AA93E-BA1A-4E2C-98C7-3C934FFEEFB7}
	EndGlobalSection
EndGlobal
